
Microsoft Visual Studio Solution File, Format Version 12.00
# Visual Studio Version 17
VisualStudioVersion = 17.13.35825.156 d17.13
MinimumVisualStudioVersion = 10.0.40219.1
Project("{FAE04EC0-301F-11D3-BF4B-00C04F79EFBC}") = "readaloud", "readaloud.csproj", "{D18B21F7-5C32-4247-AC9D-43E0A92D0500}"
EndProject
Global
	GlobalSection(SolutionConfigurationPlatforms) = preSolution
		Debug|Any CPU = Debug|Any CPU
		Release|Any CPU = Release|Any CPU
	EndGlobalSection
	GlobalSection(ProjectConfigurationPlatforms) = postSolution
		{D18B21F7-5C32-4247-AC9D-43E0A92D0500}.Debug|Any CPU.ActiveCfg = Debug|Any CPU
		{D18B21F7-5C32-4247-AC9D-43E0A92D0500}.Debug|Any CPU.Build.0 = Debug|Any CPU
		{D18B21F7-5C32-4247-AC9D-43E0A92D0500}.Release|Any CPU.ActiveCfg = Release|Any CPU
		{D18B21F7-5C32-4247-AC9D-43E0A92D0500}.Release|Any CPU.Build.0 = Release|Any CPU
	EndGlobalSection
	GlobalSection(SolutionProperties) = preSolution
		HideSolutionNode = FALSE
	EndGlobalSection
	GlobalSection(ExtensibilityGlobals) = postSolution
		SolutionGuid = {8939CC8B-57DF-467B-BE24-ED8D1989E719}
	EndGlobalSection
EndGlobal
